<Solution>
  <Folder Name="/Workflows/">
    <File Path=".github\workflows\ci.yaml" />
    <File Path=".github\workflows\prerelease.yaml" />
    <File Path=".github\workflows\release.yaml" />
  </Folder>
  <Folder Name="/Workflows/Actions/" />
  <Folder Name="/Workflows/Actions/runner-setup/">
    <File Path=".github\actions\setup-runner\action.yml" />
  </Folder>
  <Project Path="build\_build.csproj" />
</Solution>